
Microsoft Visual Studio Solution File, Format Version 12.00
# Visual Studio Version 17
VisualStudioVersion = 17.11.35222.181
MinimumVisualStudioVersion = 10.0.40219.1
Project("{9A19103F-16F7-4668-BE54-9A1E7A4F7556}") = "SharpTunnel.Web", "SharpTunnel.Web\SharpTunnel.Web.csproj", "{B15D7788-0953-4B7D-BB65-52FA7BE4D45E}"
EndProject
Project("{9A19103F-16F7-4668-BE54-9A1E7A4F7556}") = "SharpTunnel.Tunnel", "SharpTunnel.Tunnel\SharpTunnel.Tunnel.csproj", "{6071E7BD-0A6B-4153-AFE0-3472B8F6646E}"
EndProject
Project("{9A19103F-16F7-4668-BE54-9A1E7A4F7556}") = "SharpTunnel.Shared", "SharpTunnel.Shared\SharpTunnel.Shared.csproj", "{38B00C6E-A4ED-4C24-ABE9-703AB6CE5F3B}"
EndProject
Project("{2150E333-8FDC-42A3-9474-1A3956D46DE8}") = "Solution Items", "Solution Items", "{7A87F693-F846-48C9-87DE-488DEBD884FE}"
	ProjectSection(SolutionItems) = preProject
		.gitignore = .gitignore
		LICENSE.txt = LICENSE.txt
		README.md = README.md
	EndProjectSection
EndProject
Global
	GlobalSection(SolutionConfigurationPlatforms) = preSolution
		Debug|Any CPU = Debug|Any CPU
		Release|Any CPU = Release|Any CPU
	EndGlobalSection
	GlobalSection(ProjectConfigurationPlatforms) = postSolution
		{B15D7788-0953-4B7D-BB65-52FA7BE4D45E}.Debug|Any CPU.ActiveCfg = Debug|Any CPU
		{B15D7788-0953-4B7D-BB65-52FA7BE4D45E}.Debug|Any CPU.Build.0 = Debug|Any CPU
		{B15D7788-0953-4B7D-BB65-52FA7BE4D45E}.Release|Any CPU.ActiveCfg = Release|Any CPU
		{B15D7788-0953-4B7D-BB65-52FA7BE4D45E}.Release|Any CPU.Build.0 = Release|Any CPU
		{6071E7BD-0A6B-4153-AFE0-3472B8F6646E}.Debug|Any CPU.ActiveCfg = Debug|Any CPU
		{6071E7BD-0A6B-4153-AFE0-3472B8F6646E}.Debug|Any CPU.Build.0 = Debug|Any CPU
		{6071E7BD-0A6B-4153-AFE0-3472B8F6646E}.Release|Any CPU.ActiveCfg = Release|Any CPU
		{6071E7BD-0A6B-4153-AFE0-3472B8F6646E}.Release|Any CPU.Build.0 = Release|Any CPU
		{38B00C6E-A4ED-4C24-ABE9-703AB6CE5F3B}.Debug|Any CPU.ActiveCfg = Debug|Any CPU
		{38B00C6E-A4ED-4C24-ABE9-703AB6CE5F3B}.Debug|Any CPU.Build.0 = Debug|Any CPU
		{38B00C6E-A4ED-4C24-ABE9-703AB6CE5F3B}.Release|Any CPU.ActiveCfg = Release|Any CPU
		{38B00C6E-A4ED-4C24-ABE9-703AB6CE5F3B}.Release|Any CPU.Build.0 = Release|Any CPU
	EndGlobalSection
	GlobalSection(SolutionProperties) = preSolution
		HideSolutionNode = FALSE
	EndGlobalSection
	GlobalSection(ExtensibilityGlobals) = postSolution
		SolutionGuid = {23DB5C9D-27B5-43D9-843C-688D7EBE52AD}
	EndGlobalSection
EndGlobal
